// !$*UTF8*$!
{
	archiveVersion = 1;
	classes = {
	};
	objectVersion = 46;
	objects = {

/* Begin PBXBuildFile section */
		8F8373BE1D2C999C004A6FF0 /* main.m in Sources */ = {isa = PBXBuildFile; fileRef = 8F8373BD1D2C999C004A6FF0 /* main.m */; };
		8F8373C11D2C999C004A6FF0 /* AppDelegate.m in Sources */ = {isa = PBXBuildFile; fileRef = 8F8373C01D2C999C004A6FF0 /* AppDelegate.m */; };
		8F8373C41D2C999C004A6FF0 /* ViewController.m in Sources */ = {isa = PBXBuildFile; fileRef = 8F8373C31D2C999C004A6FF0 /* ViewController.m */; };
		8F8373C71D2C999C004A6FF0 /* Main.storyboard in Resources */ = {isa = PBXBuildFile; fileRef = 8F8373C51D2C999C004A6FF0 /* Main.storyboard */; };
		8F8373C91D2C999C004A6FF0 /* Assets.xcassets in Resources */ = {isa = PBXBuildFile; fileRef = 8F8373C81D2C999C004A6FF0 /* Assets.xcassets */; };
		8F8373CC1D2C999C004A6FF0 /* LaunchScreen.storyboard in Resources */ = {isa = PBXBuildFile; fileRef = 8F8373CA1D2C999C004A6FF0 /* LaunchScreen.storyboard */; };
		8F8373D71D2C999C004A6FF0 /* _____Tests.m in Sources */ = {isa = PBXBuildFile; fileRef = 8F8373D61D2C999C004A6FF0 /* _____Tests.m */; };
		8F8373E21D2C999C004A6FF0 /* _____UITests.m in Sources */ = {isa = PBXBuildFile; fileRef = 8F8373E11D2C999C004A6FF0 /* _____UITests.m */; };
		8F8373F11D2CA04D004A6FF0 /* CJKeyboard.m in Sources */ = {isa = PBXBuildFile; fileRef = 8F8373F01D2CA04D004A6FF0 /* CJKeyboard.m */; };
/* End PBXBuildFile section */

/* Begin PBXContainerItemProxy section */
		8F8373D31D2C999C004A6FF0 /* PBXContainerItemProxy */ = {
			isa = PBXContainerItemProxy;
			containerPortal = 8F8373B11D2C999C004A6FF0 /* Project object */;
			proxyType = 1;
			remoteGlobalIDString = 8F8373B81D2C999C004A6FF0;
			remoteInfo = "自定义键盘";
		};
		8F8373DE1D2C999C004A6FF0 /* PBXContainerItemProxy */ = {
			isa = PBXContainerItemProxy;
			containerPortal = 8F8373B11D2C999C004A6FF0 /* Project object */;
			proxyType = 1;
			remoteGlobalIDString = 8F8373B81D2C999C004A6FF0;
			remoteInfo = "自定义键盘";
		};
/* End PBXContainerItemProxy section */

/* Begin PBXFileReference section */
		8F8373B91D2C999C004A6FF0 /* 自定义键盘.app */ = {isa = PBXFileReference; explicitFileType = wrapper.application; includeInIndex = 0; path = "自定义键盘.app"; sourceTree = BUILT_PRODUCTS_DIR; };
		8F8373BD1D2C999C004A6FF0 /* main.m */ = {isa = PBXFileReference; lastKnownFileType = sourcecode.c.objc; path = main.m; sourceTree = "<group>"; };
		8F8373BF1D2C999C004A6FF0 /* AppDelegate.h */ = {isa = PBXFileReference; lastKnownFileType = sourcecode.c.h; path = AppDelegate.h; sourceTree = "<group>"; };
		8F8373C01D2C999C004A6FF0 /* AppDelegate.m */ = {isa = PBXFileReference; lastKnownFileType = sourcecode.c.objc; path = AppDelegate.m; sourceTree = "<group>"; };
		8F8373C21D2C999C004A6FF0 /* ViewController.h */ = {isa = PBXFileReference; lastKnownFileType = sourcecode.c.h; path = ViewController.h; sourceTree = "<group>"; };
		8F8373C31D2C999C004A6FF0 /* ViewController.m */ = {isa = PBXFileReference; lastKnownFileType = sourcecode.c.objc; path = ViewController.m; sourceTree = "<group>"; };
		8F8373C61D2C999C004A6FF0 /* Base */ = {isa = PBXFileReference; lastKnownFileType = file.storyboard; name = Base; path = Base.lproj/Main.storyboard; sourceTree = "<group>"; };
		8F8373C81D2C999C004A6FF0 /* Assets.xcassets */ = {isa = PBXFileReference; lastKnownFileType = folder.assetcatalog; path = Assets.xcassets; sourceTree = "<group>"; };
		8F8373CB1D2C999C004A6FF0 /* Base */ = {isa = PBXFileReference; lastKnownFileType = file.storyboard; name = Base; path = Base.lproj/LaunchScreen.storyboard; sourceTree = "<group>"; };
		8F8373CD1D2C999C004A6FF0 /* Info.plist */ = {isa = PBXFileReference; lastKnownFileType = text.plist.xml; path = Info.plist; sourceTree = "<group>"; };
		8F8373D21D2C999C004A6FF0 /* 自定义键盘Tests.xctest */ = {isa = PBXFileReference; explicitFileType = wrapper.cfbundle; includeInIndex = 0; path = "自定义键盘Tests.xctest"; sourceTree = BUILT_PRODUCTS_DIR; };
		8F8373D61D2C999C004A6FF0 /* _____Tests.m */ = {isa = PBXFileReference; lastKnownFileType = sourcecode.c.objc; path = "_____Tests.m"; sourceTree = "<group>"; };
		8F8373D81D2C999C004A6FF0 /* Info.plist */ = {isa = PBXFileReference; lastKnownFileType = text.plist.xml; path = Info.plist; sourceTree = "<group>"; };
		8F8373DD1D2C999C004A6FF0 /* 自定义键盘UITests.xctest */ = {isa = PBXFileReference; explicitFileType = wrapper.cfbundle; includeInIndex = 0; path = "自定义键盘UITests.xctest"; sourceTree = BUILT_PRODUCTS_DIR; };
		8F8373E11D2C999C004A6FF0 /* _____UITests.m */ = {isa = PBXFileReference; lastKnownFileType = sourcecode.c.objc; path = "_____UITests.m"; sourceTree = "<group>"; };
		8F8373E31D2C999C004A6FF0 /* Info.plist */ = {isa = PBXFileReference; lastKnownFileType = text.plist.xml; path = Info.plist; sourceTree = "<group>"; };
		8F8373EF1D2CA04D004A6FF0 /* CJKeyboard.h */ = {isa = PBXFileReference; fileEncoding = 4; lastKnownFileType = sourcecode.c.h; path = CJKeyboard.h; sourceTree = "<group>"; };
		8F8373F01D2CA04D004A6FF0 /* CJKeyboard.m */ = {isa = PBXFileReference; fileEncoding = 4; lastKnownFileType = sourcecode.c.objc; path = CJKeyboard.m; sourceTree = "<group>"; };
/* End PBXFileReference section */

/* Begin PBXFrameworksBuildPhase section */
		8F8373B61D2C999C004A6FF0 /* Frameworks */ = {
			isa = PBXFrameworksBuildPhase;
			buildActionMask = 2147483647;
			files = (
			);
			runOnlyForDeploymentPostprocessing = 0;
		};
		8F8373CF1D2C999C004A6FF0 /* Frameworks */ = {
			isa = PBXFrameworksBuildPhase;
			buildActionMask = 2147483647;
			files = (
			);
			runOnlyForDeploymentPostprocessing = 0;
		};
		8F8373DA1D2C999C004A6FF0 /* Frameworks */ = {
			isa = PBXFrameworksBuildPhase;
			buildActionMask = 2147483647;
			files = (
			);
			runOnlyForDeploymentPostprocessing = 0;
		};
/* End PBXFrameworksBuildPhase section */

/* Begin PBXGroup section */
		8F8373B01D2C999C004A6FF0 = {
			isa = PBXGroup;
			children = (
				8F8373BB1D2C999C004A6FF0 /* 自定义键盘 */,
				8F8373D51D2C999C004A6FF0 /* 自定义键盘Tests */,
				8F8373E01D2C999C004A6FF0 /* 自定义键盘UITests */,
				8F8373BA1D2C999C004A6FF0 /* Products */,
			);
			sourceTree = "<group>";
		};
		8F8373BA1D2C999C004A6FF0 /* Products */ = {
			isa = PBXGroup;
			children = (
				8F8373B91D2C999C004A6FF0 /* 自定义键盘.app */,
				8F8373D21D2C999C004A6FF0 /* 自定义键盘Tests.xctest */,
				8F8373DD1D2C999C004A6FF0 /* 自定义键盘UITests.xctest */,
			);
			name = Products;
			sourceTree = "<group>";
		};
		8F8373BB1D2C999C004A6FF0 /* 自定义键盘 */ = {
			isa = PBXGroup;
			children = (
				8F8373BF1D2C999C004A6FF0 /* AppDelegate.h */,
				8F8373C01D2C999C004A6FF0 /* AppDelegate.m */,
				8F8373C21D2C999C004A6FF0 /* ViewController.h */,
				8F8373C31D2C999C004A6FF0 /* ViewController.m */,
				8F8373EF1D2CA04D004A6FF0 /* CJKeyboard.h */,
				8F8373F01D2CA04D004A6FF0 /* CJKeyboard.m */,
				8F8373C51D2C999C004A6FF0 /* Main.storyboard */,
				8F8373C81D2C999C004A6FF0 /* Assets.xcassets */,
				8F8373CA1D2C999C004A6FF0 /* LaunchScreen.storyboard */,
				8F8373CD1D2C999C004A6FF0 /* Info.plist */,
				8F8373BC1D2C999C004A6FF0 /* Supporting Files */,
			);
			path = "自定义键盘";
			sourceTree = "<group>";
		};
		8F8373BC1D2C999C004A6FF0 /* Supporting Files */ = {
			isa = PBXGroup;
			children = (
				8F8373BD1D2C999C004A6FF0 /* main.m */,
			);
			name = "Supporting Files";
			sourceTree = "<group>";
		};
		8F8373D51D2C999C004A6FF0 /* 自定义键盘Tests */ = {
			isa = PBXGroup;
			children = (
				8F8373D61D2C999C004A6FF0 /* _____Tests.m */,
				8F8373D81D2C999C004A6FF0 /* Info.plist */,
			);
			path = "自定义键盘Tests";
			sourceTree = "<group>";
		};
		8F8373E01D2C999C004A6FF0 /* 自定义键盘UITests */ = {
			isa = PBXGroup;
			children = (
				8F8373E11D2C999C004A6FF0 /* _____UITests.m */,
				8F8373E31D2C999C004A6FF0 /* Info.plist */,
			);
			path = "自定义键盘UITests";
			sourceTree = "<group>";
		};
/* End PBXGroup section */

/* Begin PBXNativeTarget section */
		8F8373B81D2C999C004A6FF0 /* 自定义键盘 */ = {
			isa = PBXNativeTarget;
			buildConfigurationList = 8F8373E61D2C999C004A6FF0 /* Build configuration list for PBXNativeTarget "自定义键盘" */;
			buildPhases = (
				8F8373B51D2C999C004A6FF0 /* Sources */,
				8F8373B61D2C999C004A6FF0 /* Frameworks */,
				8F8373B71D2C999C004A6FF0 /* Resources */,
			);
			buildRules = (
			);
			dependencies = (
			);
			name = "自定义键盘";
			productName = "自定义键盘";
			productReference = 8F8373B91D2C999C004A6FF0 /* 自定义键盘.app */;
			productType = "com.apple.product-type.application";
		};
		8F8373D11D2C999C004A6FF0 /* 自定义键盘Tests */ = {
			isa = PBXNativeTarget;
			buildConfigurationList = 8F8373E91D2C999C004A6FF0 /* Build configuration list for PBXNativeTarget "自定义键盘Tests" */;
			buildPhases = (
				8F8373CE1D2C999C004A6FF0 /* Sources */,
				8F8373CF1D2C999C004A6FF0 /* Frameworks */,
				8F8373D01D2C999C004A6FF0 /* Resources */,
			);
			buildRules = (
			);
			dependencies = (
				8F8373D41D2C999C004A6FF0 /* PBXTargetDependency */,
			);
			name = "自定义键盘Tests";
			productName = "自定义键盘Tests";
			productReference = 8F8373D21D2C999C004A6FF0 /* 自定义键盘Tests.xctest */;
			productType = "com.apple.product-type.bundle.unit-test";
		};
		8F8373DC1D2C999C004A6FF0 /* 自定义键盘UITests */ = {
			isa = PBXNativeTarget;
			buildConfigurationList = 8F8373EC1D2C999C004A6FF0 /* Build configuration list for PBXNativeTarget "自定义键盘UITests" */;
			buildPhases = (
				8F8373D91D2C999C004A6FF0 /* Sources */,
				8F8373DA1D2C999C004A6FF0 /* Frameworks */,
				8F8373DB1D2C999C004A6FF0 /* Resources */,
			);
			buildRules = (
			);
			dependencies = (
				8F8373DF1D2C999C004A6FF0 /* PBXTargetDependency */,
			);
			name = "自定义键盘UITests";
			productName = "自定义键盘UITests";
			productReference = 8F8373DD1D2C999C004A6FF0 /* 自定义键盘UITests.xctest */;
			productType = "com.apple.product-type.bundle.ui-testing";
		};
/* End PBXNativeTarget section */

/* Begin PBXProject section */
		8F8373B11D2C999C004A6FF0 /* Project object */ = {
			isa = PBXProject;
			attributes = {
				LastUpgradeCheck = 0730;
				ORGANIZATIONNAME = cloudssky;
				TargetAttributes = {
					8F8373B81D2C999C004A6FF0 = {
						CreatedOnToolsVersion = 7.3.1;
					};
					8F8373D11D2C999C004A6FF0 = {
						CreatedOnToolsVersion = 7.3.1;
						TestTargetID = 8F8373B81D2C999C004A6FF0;
					};
					8F8373DC1D2C999C004A6FF0 = {
						CreatedOnToolsVersion = 7.3.1;
						TestTargetID = 8F8373B81D2C999C004A6FF0;
					};
				};
			};
			buildConfigurationList = 8F8373B41D2C999C004A6FF0 /* Build configuration list for PBXProject "自定义键盘" */;
			compatibilityVersion = "Xcode 3.2";
			developmentRegion = English;
			hasScannedForEncodings = 0;
			knownRegions = (
				en,
				Base,
			);
			mainGroup = 8F8373B01D2C999C004A6FF0;
			productRefGroup = 8F8373BA1D2C999C004A6FF0 /* Products */;
			projectDirPath = "";
			projectRoot = "";
			targets = (
				8F8373B81D2C999C004A6FF0 /* 自定义键盘 */,
				8F8373D11D2C999C004A6FF0 /* 自定义键盘Tests */,
				8F8373DC1D2C999C004A6FF0 /* 自定义键盘UITests */,
			);
		};
/* End PBXProject section */

/* Begin PBXResourcesBuildPhase section */
		8F8373B71D2C999C004A6FF0 /* Resources */ = {
			isa = PBXResourcesBuildPhase;
			buildActionMask = 2147483647;
			files = (
				8F8373CC1D2C999C004A6FF0 /* LaunchScreen.storyboard in Resources */,
				8F8373C91D2C999C004A6FF0 /* Assets.xcassets in Resources */,
				8F8373C71D2C999C004A6FF0 /* Main.storyboard in Resources */,
			);
			runOnlyForDeploymentPostprocessing = 0;
		};
		8F8373D01D2C999C004A6FF0 /* Resources */ = {
			isa = PBXResourcesBuildPhase;
			buildActionMask = 2147483647;
			files = (
			);
			runOnlyForDeploymentPostprocessing = 0;
		};
		8F8373DB1D2C999C004A6FF0 /* Resources */ = {
			isa = PBXResourcesBuildPhase;
			buildActionMask = 2147483647;
			files = (
			);
			runOnlyForDeploymentPostprocessing = 0;
		};
/* End PBXResourcesBuildPhase section */

/* Begin PBXSourcesBuildPhase section */
		8F8373B51D2C999C004A6FF0 /* Sources */ = {
			isa = PBXSourcesBuildPhase;
			buildActionMask = 2147483647;
			files = (
				8F8373C41D2C999C004A6FF0 /* ViewController.m in Sources */,
				8F8373F11D2CA04D004A6FF0 /* CJKeyboard.m in Sources */,
				8F8373C11D2C999C004A6FF0 /* AppDelegate.m in Sources */,
				8F8373BE1D2C999C004A6FF0 /* main.m in Sources */,
			);
			runOnlyForDeploymentPostprocessing = 0;
		};
		8F8373CE1D2C999C004A6FF0 /* Sources */ = {
			isa = PBXSourcesBuildPhase;
			buildActionMask = 2147483647;
			files = (
				8F8373D71D2C999C004A6FF0 /* _____Tests.m in Sources */,
			);
			runOnlyForDeploymentPostprocessing = 0;
		};
		8F8373D91D2C999C004A6FF0 /* Sources */ = {
			isa = PBXSourcesBuildPhase;
			buildActionMask = 2147483647;
			files = (
				8F8373E21D2C999C004A6FF0 /* _____UITests.m in Sources */,
			);
			runOnlyForDeploymentPostprocessing = 0;
		};
/* End PBXSourcesBuildPhase section */

/* Begin PBXTargetDependency section */
		8F8373D41D2C999C004A6FF0 /* PBXTargetDependency */ = {
			isa = PBXTargetDependency;
			target = 8F8373B81D2C999C004A6FF0 /* 自定义键盘 */;
			targetProxy = 8F8373D31D2C999C004A6FF0 /* PBXContainerItemProxy */;
		};
		8F8373DF1D2C999C004A6FF0 /* PBXTargetDependency */ = {
			isa = PBXTargetDependency;
			target = 8F8373B81D2C999C004A6FF0 /* 自定义键盘 */;
			targetProxy = 8F8373DE1D2C999C004A6FF0 /* PBXContainerItemProxy */;
		};
/* End PBXTargetDependency section */

/* Begin PBXVariantGroup section */
		8F8373C51D2C999C004A6FF0 /* Main.storyboard */ = {
			isa = PBXVariantGroup;
			children = (
				8F8373C61D2C999C004A6FF0 /* Base */,
			);
			name = Main.storyboard;
			sourceTree = "<group>";
		};
		8F8373CA1D2C999C004A6FF0 /* LaunchScreen.storyboard */ = {
			isa = PBXVariantGroup;
			children = (
				8F8373CB1D2C999C004A6FF0 /* Base */,
			);
			name = LaunchScreen.storyboard;
			sourceTree = "<group>";
		};
/* End PBXVariantGroup section */

/* Begin XCBuildConfiguration section */
		8F8373E41D2C999C004A6FF0 /* Debug */ = {
			isa = XCBuildConfiguration;
			buildSettings = {
				ALWAYS_SEARCH_USER_PATHS = NO;
				CLANG_ANALYZER_NONNULL = YES;
				CLANG_CXX_LANGUAGE_STANDARD = "gnu++0x";
				CLANG_CXX_LIBRARY = "libc++";
				CLANG_ENABLE_MODULES = YES;
				CLANG_ENABLE_OBJC_ARC = YES;
				CLANG_WARN_BOOL_CONVERSION = YES;
				CLANG_WARN_CONSTANT_CONVERSION = YES;
				CLANG_WARN_DIRECT_OBJC_ISA_USAGE = YES_ERROR;
				CLANG_WARN_EMPTY_BODY = YES;
				CLANG_WARN_ENUM_CONVERSION = YES;
				CLANG_WARN_INT_CONVERSION = YES;
				CLANG_WARN_OBJC_ROOT_CLASS = YES_ERROR;
				CLANG_WARN_UNREACHABLE_CODE = YES;
				CLANG_WARN__DUPLICATE_METHOD_MATCH = YES;
				"CODE_SIGN_IDENTITY[sdk=iphoneos*]" = "iPhone Developer";
				COPY_PHASE_STRIP = NO;
				DEBUG_INFORMATION_FORMAT = dwarf;
				ENABLE_STRICT_OBJC_MSGSEND = YES;
				ENABLE_TESTABILITY = YES;
				GCC_C_LANGUAGE_STANDARD = gnu99;
				GCC_DYNAMIC_NO_PIC = NO;
				GCC_NO_COMMON_BLOCKS = YES;
				GCC_OPTIMIZATION_LEVEL = 0;
				GCC_PREPROCESSOR_DEFINITIONS = (
					"DEBUG=1",
					"$(inherited)",
				);
				GCC_WARN_64_TO_32_BIT_CONVERSION = YES;
				GCC_WARN_ABOUT_RETURN_TYPE = YES_ERROR;
				GCC_WARN_UNDECLARED_SELECTOR = YES;
				GCC_WARN_UNINITIALIZED_AUTOS = YES_AGGRESSIVE;
				GCC_WARN_UNUSED_FUNCTION = YES;
				GCC_WARN_UNUSED_VARIABLE = YES;
				IPHONEOS_DEPLOYMENT_TARGET = 9.3;
				MTL_ENABLE_DEBUG_INFO = YES;
				ONLY_ACTIVE_ARCH = YES;
				SDKROOT = iphoneos;
			};
			name = Debug;
		};
		8F8373E51D2C999C004A6FF0 /* Release */ = {
			isa = XCBuildConfiguration;
			buildSettings = {
				ALWAYS_SEARCH_USER_PATHS = NO;
				CLANG_ANALYZER_NONNULL = YES;
				CLANG_CXX_LANGUAGE_STANDARD = "gnu++0x";
				CLANG_CXX_LIBRARY = "libc++";
				CLANG_ENABLE_MODULES = YES;
				CLANG_ENABLE_OBJC_ARC = YES;
				CLANG_WARN_BOOL_CONVERSION = YES;
				CLANG_WARN_CONSTANT_CONVERSION = YES;
				CLANG_WARN_DIRECT_OBJC_ISA_USAGE = YES_ERROR;
				CLANG_WARN_EMPTY_BODY = YES;
				CLANG_WARN_ENUM_CONVERSION = YES;
				CLANG_WARN_INT_CONVERSION = YES;
				CLANG_WARN_OBJC_ROOT_CLASS = YES_ERROR;
				CLANG_WARN_UNREACHABLE_CODE = YES;
				CLANG_WARN__DUPLICATE_METHOD_MATCH = YES;
				"CODE_SIGN_IDENTITY[sdk=iphoneos*]" = "iPhone Developer";
				COPY_PHASE_STRIP = NO;
				DEBUG_INFORMATION_FORMAT = "dwarf-with-dsym";
				ENABLE_NS_ASSERTIONS = NO;
				ENABLE_STRICT_OBJC_MSGSEND = YES;
				GCC_C_LANGUAGE_STANDARD = gnu99;
				GCC_NO_COMMON_BLOCKS = YES;
				GCC_WARN_64_TO_32_BIT_CONVERSION = YES;
				GCC_WARN_ABOUT_RETURN_TYPE = YES_ERROR;
				GCC_WARN_UNDECLARED_SELECTOR = YES;
				GCC_WARN_UNINITIALIZED_AUTOS = YES_AGGRESSIVE;
				GCC_WARN_UNUSED_FUNCTION = YES;
				GCC_WARN_UNUSED_VARIABLE = YES;
				IPHONEOS_DEPLOYMENT_TARGET = 9.3;
				MTL_ENABLE_DEBUG_INFO = NO;
				SDKROOT = iphoneos;
				VALIDATE_PRODUCT = YES;
			};
			name = Release;
		};
		8F8373E71D2C999C004A6FF0 /* Debug */ = {
			isa = XCBuildConfiguration;
			buildSettings = {
				ASSETCATALOG_COMPILER_APPICON_NAME = AppIcon;
				INFOPLIST_FILE = "自定义键盘/Info.plist";
				IPHONEOS_DEPLOYMENT_TARGET = 7.0;
				LD_RUNPATH_SEARCH_PATHS = "$(inherited) @executable_path/Frameworks";
				PRODUCT_BUNDLE_IDENTIFIER = "com.cloudssky.-----";
				PRODUCT_NAME = "$(TARGET_NAME)";
			};
			name = Debug;
		};
		8F8373E81D2C999C004A6FF0 /* Release */ = {
			isa = XCBuildConfiguration;
			buildSettings = {
				ASSETCATALOG_COMPILER_APPICON_NAME = AppIcon;
				INFOPLIST_FILE = "自定义键盘/Info.plist";
				IPHONEOS_DEPLOYMENT_TARGET = 7.0;
				LD_RUNPATH_SEARCH_PATHS = "$(inherited) @executable_path/Frameworks";
				PRODUCT_BUNDLE_IDENTIFIER = "com.cloudssky.-----";
				PRODUCT_NAME = "$(TARGET_NAME)";
			};
			name = Release;
		};
		8F8373EA1D2C999C004A6FF0 /* Debug */ = {
			isa = XCBuildConfiguration;
			buildSettings = {
				BUNDLE_LOADER = "$(TEST_HOST)";
				INFOPLIST_FILE = "自定义键盘Tests/Info.plist";
				LD_RUNPATH_SEARCH_PATHS = "$(inherited) @executable_path/Frameworks @loader_path/Frameworks";
				PRODUCT_BUNDLE_IDENTIFIER = "com.cloudssky.-----Tests";
				PRODUCT_NAME = "$(TARGET_NAME)";
				TEST_HOST = "$(BUILT_PRODUCTS_DIR)/自定义键盘.app/自定义键盘";
			};
			name = Debug;
		};
		8F8373EB1D2C999C004A6FF0 /* Release */ = {
			isa = XCBuildConfiguration;
			buildSettings = {
				BUNDLE_LOADER = "$(TEST_HOST)";
				INFOPLIST_FILE = "自定义键盘Tests/Info.plist";
				LD_RUNPATH_SEARCH_PATHS = "$(inherited) @executable_path/Frameworks @loader_path/Frameworks";
				PRODUCT_BUNDLE_IDENTIFIER = "com.cloudssky.-----Tests";
				PRODUCT_NAME = "$(TARGET_NAME)";
				TEST_HOST = "$(BUILT_PRODUCTS_DIR)/自定义键盘.app/自定义键盘";
			};
			name = Release;
		};
		8F8373ED1D2C999C004A6FF0 /* Debug */ = {
			isa = XCBuildConfiguration;
			buildSettings = {
				INFOPLIST_FILE = "自定义键盘UITests/Info.plist";
				LD_RUNPATH_SEARCH_PATHS = "$(inherited) @executable_path/Frameworks @loader_path/Frameworks";
				PRODUCT_BUNDLE_IDENTIFIER = "com.cloudssky.-----UITests";
				PRODUCT_NAME = "$(TARGET_NAME)";
				TEST_TARGET_NAME = "自定义键盘";
			};
			name = Debug;
		};
		8F8373EE1D2C999C004A6FF0 /* Release */ = {
			isa = XCBuildConfiguration;
			buildSettings = {
				INFOPLIST_FILE = "自定义键盘UITests/Info.plist";
				LD_RUNPATH_SEARCH_PATHS = "$(inherited) @executable_path/Frameworks @loader_path/Frameworks";
				PRODUCT_BUNDLE_IDENTIFIER = "com.cloudssky.-----UITests";
				PRODUCT_NAME = "$(TARGET_NAME)";
				TEST_TARGET_NAME = "自定义键盘";
			};
			name = Release;
		};
/* End XCBuildConfiguration section */

/* Begin XCConfigurationList section */
		8F8373B41D2C999C004A6FF0 /* Build configuration list for PBXProject "自定义键盘" */ = {
			isa = XCConfigurationList;
			buildConfigurations = (
				8F8373E41D2C999C004A6FF0 /* Debug */,
				8F8373E51D2C999C004A6FF0 /* Release */,
			);
			defaultConfigurationIsVisible = 0;
			defaultConfigurationName = Release;
		};
		8F8373E61D2C999C004A6FF0 /* Build configuration list for PBXNativeTarget "自定义键盘" */ = {
			isa = XCConfigurationList;
			buildConfigurations = (
				8F8373E71D2C999C004A6FF0 /* Debug */,
				8F8373E81D2C999C004A6FF0 /* Release */,
			);
			defaultConfigurationIsVisible = 0;
		};
		8F8373E91D2C999C004A6FF0 /* Build configuration list for PBXNativeTarget "自定义键盘Tests" */ = {
			isa = XCConfigurationList;
			buildConfigurations = (
				8F8373EA1D2C999C004A6FF0 /* Debug */,
				8F8373EB1D2C999C004A6FF0 /* Release */,
			);
			defaultConfigurationIsVisible = 0;
		};
		8F8373EC1D2C999C004A6FF0 /* Build configuration list for PBXNativeTarget "自定义键盘UITests" */ = {
			isa = XCConfigurationList;
			buildConfigurations = (
				8F8373ED1D2C999C004A6FF0 /* Debug */,
				8F8373EE1D2C999C004A6FF0 /* Release */,
			);
			defaultConfigurationIsVisible = 0;
		};
/* End XCConfigurationList section */
	};
	rootObject = 8F8373B11D2C999C004A6FF0 /* Project object */;
}
